
Microsoft Visual Studio Solution File, Format Version 12.00
# Visual Studio Version 17
VisualStudioVersion = 17.0.31903.59
MinimumVisualStudioVersion = 10.0.40219.1
Project("{9A19103F-16F7-4668-BE54-9A1E7A4F7556}") = "SteamTimelines", "BepInExPlugin\SteamTimelines.csproj", "{B40E8047-8888-4657-AA17-1C185312FA28}"
EndProject
Project("{9A19103F-16F7-4668-BE54-9A1E7A4F7556}") = "HelperIPC", "HelperIPC\HelperIPC.csproj", "{4E01B76C-BDDE-4E7E-AEAB-3CE22C39A5FE}"
	ProjectSection(ProjectDependencies) = postProject
		{B40E8047-8888-4657-AA17-1C185312FA28} = {B40E8047-8888-4657-AA17-1C185312FA28}
	EndProjectSection
EndProject
Project("{9A19103F-16F7-4668-BE54-9A1E7A4F7556}") = "SteamTimelineShared", "SteamTimelineShared\SteamTimelineShared.csproj", "{A63ED957-562E-4340-8F00-9FFE1D73EA3B}"
EndProject
Global
	GlobalSection(SolutionConfigurationPlatforms) = preSolution
		Debug|Any CPU = Debug|Any CPU
		Release|Any CPU = Release|Any CPU
	EndGlobalSection
	GlobalSection(ProjectConfigurationPlatforms) = postSolution
		{B40E8047-8888-4657-AA17-1C185312FA28}.Debug|Any CPU.ActiveCfg = Debug|Any CPU
		{B40E8047-8888-4657-AA17-1C185312FA28}.Debug|Any CPU.Build.0 = Debug|Any CPU
		{B40E8047-8888-4657-AA17-1C185312FA28}.Release|Any CPU.ActiveCfg = Release|Any CPU
		{B40E8047-8888-4657-AA17-1C185312FA28}.Release|Any CPU.Build.0 = Release|Any CPU
		{4E01B76C-BDDE-4E7E-AEAB-3CE22C39A5FE}.Debug|Any CPU.ActiveCfg = Debug|Any CPU
		{4E01B76C-BDDE-4E7E-AEAB-3CE22C39A5FE}.Debug|Any CPU.Build.0 = Debug|Any CPU
		{4E01B76C-BDDE-4E7E-AEAB-3CE22C39A5FE}.Release|Any CPU.ActiveCfg = Release|Any CPU
		{4E01B76C-BDDE-4E7E-AEAB-3CE22C39A5FE}.Release|Any CPU.Build.0 = Release|Any CPU
		{A63ED957-562E-4340-8F00-9FFE1D73EA3B}.Debug|Any CPU.ActiveCfg = Debug|Any CPU
		{A63ED957-562E-4340-8F00-9FFE1D73EA3B}.Debug|Any CPU.Build.0 = Debug|Any CPU
		{A63ED957-562E-4340-8F00-9FFE1D73EA3B}.Release|Any CPU.ActiveCfg = Release|Any CPU
		{A63ED957-562E-4340-8F00-9FFE1D73EA3B}.Release|Any CPU.Build.0 = Release|Any CPU
	EndGlobalSection
	GlobalSection(SolutionProperties) = preSolution
		HideSolutionNode = FALSE
	EndGlobalSection
EndGlobal
